
Microsoft Visual Studio Solution File, Format Version 12.00
# Visual Studio Version 16
VisualStudioVersion = 16.0.31424.327
MinimumVisualStudioVersion = 10.0.40219.1
Project("{FAE04EC0-301F-11D3-BF4B-00C04F79EFBC}") = "Chapter_05", "Chapter_05.csproj", "{11496D08-0D66-441A-9CEF-3DFBF283C4AA}"
EndProject
Global
	GlobalSection(SolutionConfigurationPlatforms) = preSolution
		Debug|Any CPU = Debug|Any CPU
		Release|Any CPU = Release|Any CPU
	EndGlobalSection
	GlobalSection(ProjectConfigurationPlatforms) = postSolution
		{11496D08-0D66-441A-9CEF-3DFBF283C4AA}.Debug|Any CPU.ActiveCfg = Debug|Any CPU
		{11496D08-0D66-441A-9CEF-3DFBF283C4AA}.Debug|Any CPU.Build.0 = Debug|Any CPU
		{11496D08-0D66-441A-9CEF-3DFBF283C4AA}.Release|Any CPU.ActiveCfg = Release|Any CPU
		{11496D08-0D66-441A-9CEF-3DFBF283C4AA}.Release|Any CPU.Build.0 = Release|Any CPU
	EndGlobalSection
	GlobalSection(SolutionProperties) = preSolution
		HideSolutionNode = FALSE
	EndGlobalSection
	GlobalSection(ExtensibilityGlobals) = postSolution
		SolutionGuid = {F01B317E-5263-4840-A7D7-4B653A48E03B}
	EndGlobalSection
EndGlobal
